
Microsoft Visual Studio Solution File, Format Version 12.00
# Visual Studio Version 17
VisualStudioVersion = 17.1.32407.343
MinimumVisualStudioVersion = 10.0.40219.1
Project("{FAE04EC0-301F-11D3-BF4B-00C04F79EFBC}") = "Benchmark_UNI", "Benchmark_UNI\Benchmark_UNI.csproj", "{B07A8EDD-E289-448A-BE84-C653B391E680}"
EndProject
Global
	GlobalSection(SolutionConfigurationPlatforms) = preSolution
		Debug|Any CPU = Debug|Any CPU
		Release|Any CPU = Release|Any CPU
	EndGlobalSection
	GlobalSection(ProjectConfigurationPlatforms) = postSolution
		{B07A8EDD-E289-448A-BE84-C653B391E680}.Debug|Any CPU.ActiveCfg = Debug|Any CPU
		{B07A8EDD-E289-448A-BE84-C653B391E680}.Debug|Any CPU.Build.0 = Debug|Any CPU
		{B07A8EDD-E289-448A-BE84-C653B391E680}.Release|Any CPU.ActiveCfg = Release|Any CPU
		{B07A8EDD-E289-448A-BE84-C653B391E680}.Release|Any CPU.Build.0 = Release|Any CPU
	EndGlobalSection
	GlobalSection(SolutionProperties) = preSolution
		HideSolutionNode = FALSE
	EndGlobalSection
	GlobalSection(ExtensibilityGlobals) = postSolution
		SolutionGuid = {5EE3AC4A-5427-4A7D-9890-1A655EA2556B}
	EndGlobalSection
EndGlobal
